
Microsoft Visual Studio Solution File, Format Version 12.00
# Visual Studio 15
VisualStudioVersion = 15.0.26730.16
MinimumVisualStudioVersion = 10.0.40219.1
Project("{2150E333-8FDC-42A3-9474-1A3956D46DE8}") = "Engine", "Engine", "{2D371D8D-FA01-4B6F-8EF2-963BE9A6379B}"
EndProject
Project("{2150E333-8FDC-42A3-9474-1A3956D46DE8}") = "Games", "Games", "{0E64DC62-97D2-41E3-9074-CB6A03073976}"
EndProject
Project("{8BC9CEB8-8B4A-11D0-8D11-00A0C91BC942}") = "UE4", "Intermediate\ProjectFiles\UE4.vcxproj", "{08F59B58-B408-4C61-9F76-49CE6726BACC}"
EndProject
Project("{8BC9CEB8-8B4A-11D0-8D11-00A0C91BC942}") = "UE4RelativityGame", "Intermediate\ProjectFiles\UE4RelativityGame.vcxproj", "{3CBF536F-FDF0-4E12-A693-190384F12942}"
EndProject
Global
	GlobalSection(SolutionConfigurationPlatforms) = preSolution
		DebugGame Editor|HTML5 = DebugGame Editor|HTML5
		DebugGame Editor|IOS = DebugGame Editor|IOS
		DebugGame Editor|Win32 = DebugGame Editor|Win32
		DebugGame Editor|Win64 = DebugGame Editor|Win64
		DebugGame|HTML5 = DebugGame|HTML5
		DebugGame|IOS = DebugGame|IOS
		DebugGame|Win32 = DebugGame|Win32
		DebugGame|Win64 = DebugGame|Win64
		Development Editor|HTML5 = Development Editor|HTML5
		Development Editor|IOS = Development Editor|IOS
		Development Editor|Win32 = Development Editor|Win32
		Development Editor|Win64 = Development Editor|Win64
		Development|HTML5 = Development|HTML5
		Development|IOS = Development|IOS
		Development|Win32 = Development|Win32
		Development|Win64 = Development|Win64
		Shipping|HTML5 = Shipping|HTML5
		Shipping|IOS = Shipping|IOS
		Shipping|Win32 = Shipping|Win32
		Shipping|Win64 = Shipping|Win64
	EndGlobalSection
	GlobalSection(ProjectConfigurationPlatforms) = postSolution
		{08F59B58-B408-4C61-9F76-49CE6726BACC}.DebugGame Editor|HTML5.ActiveCfg = BuiltWithUnrealBuildTool|Win32
		{08F59B58-B408-4C61-9F76-49CE6726BACC}.DebugGame Editor|HTML5.Build.0 = BuiltWithUnrealBuildTool|Win32
		{08F59B58-B408-4C61-9F76-49CE6726BACC}.DebugGame Editor|IOS.ActiveCfg = BuiltWithUnrealBuildTool|Win32
		{08F59B58-B408-4C61-9F76-49CE6726BACC}.DebugGame Editor|IOS.Build.0 = BuiltWithUnrealBuildTool|Win32
		{08F59B58-B408-4C61-9F76-49CE6726BACC}.DebugGame Editor|Win32.ActiveCfg = BuiltWithUnrealBuildTool|Win32
		{08F59B58-B408-4C61-9F76-49CE6726BACC}.DebugGame Editor|Win32.Build.0 = BuiltWithUnrealBuildTool|Win32
		{08F59B58-B408-4C61-9F76-49CE6726BACC}.DebugGame Editor|Win64.ActiveCfg = BuiltWithUnrealBuildTool|Win32
		{08F59B58-B408-4C61-9F76-49CE6726BACC}.DebugGame Editor|Win64.Build.0 = BuiltWithUnrealBuildTool|Win32
		{08F59B58-B408-4C61-9F76-49CE6726BACC}.DebugGame|HTML5.ActiveCfg = BuiltWithUnrealBuildTool|Win32
		{08F59B58-B408-4C61-9F76-49CE6726BACC}.DebugGame|HTML5.Build.0 = BuiltWithUnrealBuildTool|Win32
		{08F59B58-B408-4C61-9F76-49CE6726BACC}.DebugGame|IOS.ActiveCfg = BuiltWithUnrealBuildTool|Win32
		{08F59B58-B408-4C61-9F76-49CE6726BACC}.DebugGame|IOS.Build.0 = BuiltWithUnrealBuildTool|Win32
		{08F59B58-B408-4C61-9F76-49CE6726BACC}.DebugGame|Win32.ActiveCfg = BuiltWithUnrealBuildTool|Win32
		{08F59B58-B408-4C61-9F76-49CE6726BACC}.DebugGame|Win32.Build.0 = BuiltWithUnrealBuildTool|Win32
		{08F59B58-B408-4C61-9F76-49CE6726BACC}.DebugGame|Win64.ActiveCfg = BuiltWithUnrealBuildTool|Win32
		{08F59B58-B408-4C61-9F76-49CE6726BACC}.DebugGame|Win64.Build.0 = BuiltWithUnrealBuildTool|Win32
		{08F59B58-B408-4C61-9F76-49CE6726BACC}.Development Editor|HTML5.ActiveCfg = BuiltWithUnrealBuildTool|Win32
		{08F59B58-B408-4C61-9F76-49CE6726BACC}.Development Editor|HTML5.Build.0 = BuiltWithUnrealBuildTool|Win32
		{08F59B58-B408-4C61-9F76-49CE6726BACC}.Development Editor|IOS.ActiveCfg = BuiltWithUnrealBuildTool|Win32
		{08F59B58-B408-4C61-9F76-49CE6726BACC}.Development Editor|IOS.Build.0 = BuiltWithUnrealBuildTool|Win32
		{08F59B58-B408-4C61-9F76-49CE6726BACC}.Development Editor|Win32.ActiveCfg = BuiltWithUnrealBuildTool|Win32
		{08F59B58-B408-4C61-9F76-49CE6726BACC}.Development Editor|Win32.Build.0 = BuiltWithUnrealBuildTool|Win32
		{08F59B58-B408-4C61-9F76-49CE6726BACC}.Development Editor|Win64.ActiveCfg = BuiltWithUnrealBuildTool|Win32
		{08F59B58-B408-4C61-9F76-49CE6726BACC}.Development Editor|Win64.Build.0 = BuiltWithUnrealBuildTool|Win32
		{08F59B58-B408-4C61-9F76-49CE6726BACC}.Development|HTML5.ActiveCfg = BuiltWithUnrealBuildTool|Win32
		{08F59B58-B408-4C61-9F76-49CE6726BACC}.Development|HTML5.Build.0 = BuiltWithUnrealBuildTool|Win32
		{08F59B58-B408-4C61-9F76-49CE6726BACC}.Development|IOS.ActiveCfg = BuiltWithUnrealBuildTool|Win32
		{08F59B58-B408-4C61-9F76-49CE6726BACC}.Development|IOS.Build.0 = BuiltWithUnrealBuildTool|Win32
		{08F59B58-B408-4C61-9F76-49CE6726BACC}.Development|Win32.ActiveCfg = BuiltWithUnrealBuildTool|Win32
		{08F59B58-B408-4C61-9F76-49CE6726BACC}.Development|Win32.Build.0 = BuiltWithUnrealBuildTool|Win32
		{08F59B58-B408-4C61-9F76-49CE6726BACC}.Development|Win64.ActiveCfg = BuiltWithUnrealBuildTool|Win32
		{08F59B58-B408-4C61-9F76-49CE6726BACC}.Development|Win64.Build.0 = BuiltWithUnrealBuildTool|Win32
		{08F59B58-B408-4C61-9F76-49CE6726BACC}.Shipping|HTML5.ActiveCfg = BuiltWithUnrealBuildTool|Win32
		{08F59B58-B408-4C61-9F76-49CE6726BACC}.Shipping|HTML5.Build.0 = BuiltWithUnrealBuildTool|Win32
		{08F59B58-B408-4C61-9F76-49CE6726BACC}.Shipping|IOS.ActiveCfg = BuiltWithUnrealBuildTool|Win32
		{08F59B58-B408-4C61-9F76-49CE6726BACC}.Shipping|IOS.Build.0 = BuiltWithUnrealBuildTool|Win32
		{08F59B58-B408-4C61-9F76-49CE6726BACC}.Shipping|Win32.ActiveCfg = BuiltWithUnrealBuildTool|Win32
		{08F59B58-B408-4C61-9F76-49CE6726BACC}.Shipping|Win32.Build.0 = BuiltWithUnrealBuildTool|Win32
		{08F59B58-B408-4C61-9F76-49CE6726BACC}.Shipping|Win64.ActiveCfg = BuiltWithUnrealBuildTool|Win32
		{08F59B58-B408-4C61-9F76-49CE6726BACC}.Shipping|Win64.Build.0 = BuiltWithUnrealBuildTool|Win32
		{3CBF536F-FDF0-4E12-A693-190384F12942}.DebugGame Editor|HTML5.ActiveCfg = HTML5_DebugGame_Editor|Win32
		{3CBF536F-FDF0-4E12-A693-190384F12942}.DebugGame Editor|IOS.ActiveCfg = IOS_DebugGame_Editor|Win32
		{3CBF536F-FDF0-4E12-A693-190384F12942}.DebugGame Editor|Win32.ActiveCfg = DebugGame_Editor|Win32
		{3CBF536F-FDF0-4E12-A693-190384F12942}.DebugGame Editor|Win64.ActiveCfg = DebugGame_Editor|x64
		{3CBF536F-FDF0-4E12-A693-190384F12942}.DebugGame Editor|Win64.Build.0 = DebugGame_Editor|x64
		{3CBF536F-FDF0-4E12-A693-190384F12942}.DebugGame|HTML5.ActiveCfg = HTML5_DebugGame_Game|Win32
		{3CBF536F-FDF0-4E12-A693-190384F12942}.DebugGame|HTML5.Build.0 = HTML5_DebugGame_Game|Win32
		{3CBF536F-FDF0-4E12-A693-190384F12942}.DebugGame|IOS.ActiveCfg = IOS_DebugGame_Game|Win32
		{3CBF536F-FDF0-4E12-A693-190384F12942}.DebugGame|IOS.Build.0 = IOS_DebugGame_Game|Win32
		{3CBF536F-FDF0-4E12-A693-190384F12942}.DebugGame|Win32.ActiveCfg = DebugGame_Game|Win32
		{3CBF536F-FDF0-4E12-A693-190384F12942}.DebugGame|Win32.Build.0 = DebugGame_Game|Win32
		{3CBF536F-FDF0-4E12-A693-190384F12942}.DebugGame|Win64.ActiveCfg = DebugGame_Game|x64
		{3CBF536F-FDF0-4E12-A693-190384F12942}.DebugGame|Win64.Build.0 = DebugGame_Game|x64
		{3CBF536F-FDF0-4E12-A693-190384F12942}.Development Editor|HTML5.ActiveCfg = HTML5_Development_Editor|Win32
		{3CBF536F-FDF0-4E12-A693-190384F12942}.Development Editor|IOS.ActiveCfg = IOS_Development_Editor|Win32
		{3CBF536F-FDF0-4E12-A693-190384F12942}.Development Editor|Win32.ActiveCfg = Development_Editor|Win32
		{3CBF536F-FDF0-4E12-A693-190384F12942}.Development Editor|Win64.ActiveCfg = Development_Editor|x64
		{3CBF536F-FDF0-4E12-A693-190384F12942}.Development Editor|Win64.Build.0 = Development_Editor|x64
		{3CBF536F-FDF0-4E12-A693-190384F12942}.Development|HTML5.ActiveCfg = HTML5_Development_Game|Win32
		{3CBF536F-FDF0-4E12-A693-190384F12942}.Development|HTML5.Build.0 = HTML5_Development_Game|Win32
		{3CBF536F-FDF0-4E12-A693-190384F12942}.Development|IOS.ActiveCfg = IOS_Development_Game|Win32
		{3CBF536F-FDF0-4E12-A693-190384F12942}.Development|IOS.Build.0 = IOS_Development_Game|Win32
		{3CBF536F-FDF0-4E12-A693-190384F12942}.Development|Win32.ActiveCfg = Development_Game|Win32
		{3CBF536F-FDF0-4E12-A693-190384F12942}.Development|Win32.Build.0 = Development_Game|Win32
		{3CBF536F-FDF0-4E12-A693-190384F12942}.Development|Win64.ActiveCfg = Development_Game|x64
		{3CBF536F-FDF0-4E12-A693-190384F12942}.Development|Win64.Build.0 = Development_Game|x64
		{3CBF536F-FDF0-4E12-A693-190384F12942}.Shipping|HTML5.ActiveCfg = HTML5_Shipping_Game|Win32
		{3CBF536F-FDF0-4E12-A693-190384F12942}.Shipping|HTML5.Build.0 = HTML5_Shipping_Game|Win32
		{3CBF536F-FDF0-4E12-A693-190384F12942}.Shipping|IOS.ActiveCfg = IOS_Shipping_Game|Win32
		{3CBF536F-FDF0-4E12-A693-190384F12942}.Shipping|IOS.Build.0 = IOS_Shipping_Game|Win32
		{3CBF536F-FDF0-4E12-A693-190384F12942}.Shipping|Win32.ActiveCfg = Shipping_Game|Win32
		{3CBF536F-FDF0-4E12-A693-190384F12942}.Shipping|Win32.Build.0 = Shipping_Game|Win32
		{3CBF536F-FDF0-4E12-A693-190384F12942}.Shipping|Win64.ActiveCfg = Shipping_Game|x64
		{3CBF536F-FDF0-4E12-A693-190384F12942}.Shipping|Win64.Build.0 = Shipping_Game|x64
	EndGlobalSection
	GlobalSection(SolutionProperties) = preSolution
		HideSolutionNode = FALSE
	EndGlobalSection
	GlobalSection(NestedProjects) = preSolution
		{08F59B58-B408-4C61-9F76-49CE6726BACC} = {2D371D8D-FA01-4B6F-8EF2-963BE9A6379B}
		{3CBF536F-FDF0-4E12-A693-190384F12942} = {0E64DC62-97D2-41E3-9074-CB6A03073976}
	EndGlobalSection
	GlobalSection(ExtensibilityGlobals) = postSolution
		SolutionGuid = {D252975D-610A-4237-ABD8-C7F83EED6EFC}
	EndGlobalSection
EndGlobal
